
Microsoft Visual Studio Solution File, Format Version 12.00
# Visual Studio Version 16
VisualStudioVersion = 16.0.31624.102
MinimumVisualStudioVersion = 10.0.40219.1
Project("{9A19103F-16F7-4668-BE54-9A1E7A4F7556}") = "DemoConsumeAPIWithJS", "DemoConsumeAPIWithJS\DemoConsumeAPIWithJS.csproj", "{990BE1C7-60A7-4DA5-9FD4-8E17C32BB249}"
EndProject
Project("{9A19103F-16F7-4668-BE54-9A1E7A4F7556}") = "SportStore", "SportStore\SportStore.csproj", "{1314356D-5AF8-4D7F-9830-62139CE8088D}"
EndProject
Global
	GlobalSection(SolutionConfigurationPlatforms) = preSolution
		Debug|Any CPU = Debug|Any CPU
		Release|Any CPU = Release|Any CPU
	EndGlobalSection
	GlobalSection(ProjectConfigurationPlatforms) = postSolution
		{990BE1C7-60A7-4DA5-9FD4-8E17C32BB249}.Debug|Any CPU.ActiveCfg = Debug|Any CPU
		{990BE1C7-60A7-4DA5-9FD4-8E17C32BB249}.Debug|Any CPU.Build.0 = Debug|Any CPU
		{990BE1C7-60A7-4DA5-9FD4-8E17C32BB249}.Release|Any CPU.ActiveCfg = Release|Any CPU
		{990BE1C7-60A7-4DA5-9FD4-8E17C32BB249}.Release|Any CPU.Build.0 = Release|Any CPU
		{1314356D-5AF8-4D7F-9830-62139CE8088D}.Debug|Any CPU.ActiveCfg = Debug|Any CPU
		{1314356D-5AF8-4D7F-9830-62139CE8088D}.Debug|Any CPU.Build.0 = Debug|Any CPU
		{1314356D-5AF8-4D7F-9830-62139CE8088D}.Release|Any CPU.ActiveCfg = Release|Any CPU
		{1314356D-5AF8-4D7F-9830-62139CE8088D}.Release|Any CPU.Build.0 = Release|Any CPU
	EndGlobalSection
	GlobalSection(SolutionProperties) = preSolution
		HideSolutionNode = FALSE
	EndGlobalSection
	GlobalSection(ExtensibilityGlobals) = postSolution
		SolutionGuid = {F3662B5E-B108-4770-9F15-E5F15F5F1588}
	EndGlobalSection
EndGlobal
